# THIS IS AN AUTOGENERATED FILE. DO NOT EDIT THIS FILE DIRECTLY.
# yarn lockfile v1


pretty-bytes@5.5.0:
  version "5.5.0"
  resolved "https://registry.yarnpkg.com/pretty-bytes/-/pretty-bytes-5.5.0.tgz#0cecda50a74a941589498011cf23275aa82b339e"
  integrity sha512-p+T744ZyjjiaFlMUZZv6YPC5JrkNj8maRmPaQCWFJFplUAzpIUTRaTcS+7wmZtUoFXHtESJb23ISliaWyz3SHA==
